
Microsoft Visual Studio Solution File, Format Version 12.00
# Visual Studio Version 17
VisualStudioVersion = 17.2.32505.173
MinimumVisualStudioVersion = 10.0.40219.1
Project("{9A19103F-16F7-4668-BE54-9A1E7A4F7556}") = "WebAPI", "API\WebAPI.csproj", "{300B5197-DDC0-4936-BC7F-7C3265F66A0E}"
EndProject
Project("{9A19103F-16F7-4668-BE54-9A1E7A4F7556}") = "BankSimulator", "BankSimulator\BankSimulator.csproj", "{29C91D19-1D5B-4DE8-B63F-16E0332C6E6C}"
EndProject
Project("{9A19103F-16F7-4668-BE54-9A1E7A4F7556}") = "Services", "Services\Services.csproj", "{4E4C6C2D-E356-45F3-A58B-183D54EDE6A4}"
EndProject
Project("{9A19103F-16F7-4668-BE54-9A1E7A4F7556}") = "Entities", "Entities\Entities.csproj", "{93BCB0F4-5C13-4985-8B9B-D5F66D9E4916}"
EndProject
Project("{9A19103F-16F7-4668-BE54-9A1E7A4F7556}") = "Shared", "Shared\Shared.csproj", "{C170D017-A2EF-41A0-999A-C33A7B5BD927}"
EndProject
Project("{FAE04EC0-301F-11D3-BF4B-00C04F79EFBC}") = "Test", "Test\Test.csproj", "{7BF73DE8-2336-4FF3-A3DC-F7EC839B745D}"
EndProject
Global
	GlobalSection(SolutionConfigurationPlatforms) = preSolution
		Debug|Any CPU = Debug|Any CPU
		Release|Any CPU = Release|Any CPU
	EndGlobalSection
	GlobalSection(ProjectConfigurationPlatforms) = postSolution
		{300B5197-DDC0-4936-BC7F-7C3265F66A0E}.Debug|Any CPU.ActiveCfg = Debug|Any CPU
		{300B5197-DDC0-4936-BC7F-7C3265F66A0E}.Debug|Any CPU.Build.0 = Debug|Any CPU
		{300B5197-DDC0-4936-BC7F-7C3265F66A0E}.Release|Any CPU.ActiveCfg = Release|Any CPU
		{300B5197-DDC0-4936-BC7F-7C3265F66A0E}.Release|Any CPU.Build.0 = Release|Any CPU
		{29C91D19-1D5B-4DE8-B63F-16E0332C6E6C}.Debug|Any CPU.ActiveCfg = Debug|Any CPU
		{29C91D19-1D5B-4DE8-B63F-16E0332C6E6C}.Debug|Any CPU.Build.0 = Debug|Any CPU
		{29C91D19-1D5B-4DE8-B63F-16E0332C6E6C}.Release|Any CPU.ActiveCfg = Release|Any CPU
		{29C91D19-1D5B-4DE8-B63F-16E0332C6E6C}.Release|Any CPU.Build.0 = Release|Any CPU
		{4E4C6C2D-E356-45F3-A58B-183D54EDE6A4}.Debug|Any CPU.ActiveCfg = Debug|Any CPU
		{4E4C6C2D-E356-45F3-A58B-183D54EDE6A4}.Debug|Any CPU.Build.0 = Debug|Any CPU
		{4E4C6C2D-E356-45F3-A58B-183D54EDE6A4}.Release|Any CPU.ActiveCfg = Release|Any CPU
		{4E4C6C2D-E356-45F3-A58B-183D54EDE6A4}.Release|Any CPU.Build.0 = Release|Any CPU
		{93BCB0F4-5C13-4985-8B9B-D5F66D9E4916}.Debug|Any CPU.ActiveCfg = Debug|Any CPU
		{93BCB0F4-5C13-4985-8B9B-D5F66D9E4916}.Debug|Any CPU.Build.0 = Debug|Any CPU
		{93BCB0F4-5C13-4985-8B9B-D5F66D9E4916}.Release|Any CPU.ActiveCfg = Release|Any CPU
		{93BCB0F4-5C13-4985-8B9B-D5F66D9E4916}.Release|Any CPU.Build.0 = Release|Any CPU
		{C170D017-A2EF-41A0-999A-C33A7B5BD927}.Debug|Any CPU.ActiveCfg = Debug|Any CPU
		{C170D017-A2EF-41A0-999A-C33A7B5BD927}.Debug|Any CPU.Build.0 = Debug|Any CPU
		{C170D017-A2EF-41A0-999A-C33A7B5BD927}.Release|Any CPU.ActiveCfg = Release|Any CPU
		{C170D017-A2EF-41A0-999A-C33A7B5BD927}.Release|Any CPU.Build.0 = Release|Any CPU
		{7BF73DE8-2336-4FF3-A3DC-F7EC839B745D}.Debug|Any CPU.ActiveCfg = Debug|Any CPU
		{7BF73DE8-2336-4FF3-A3DC-F7EC839B745D}.Debug|Any CPU.Build.0 = Debug|Any CPU
		{7BF73DE8-2336-4FF3-A3DC-F7EC839B745D}.Release|Any CPU.ActiveCfg = Release|Any CPU
		{7BF73DE8-2336-4FF3-A3DC-F7EC839B745D}.Release|Any CPU.Build.0 = Release|Any CPU
	EndGlobalSection
	GlobalSection(SolutionProperties) = preSolution
		HideSolutionNode = FALSE
	EndGlobalSection
	GlobalSection(ExtensibilityGlobals) = postSolution
		SolutionGuid = {56220641-4725-4D06-A6D3-3C140A873A06}
	EndGlobalSection
EndGlobal
